
Microsoft Visual Studio Solution File, Format Version 12.00
# Visual Studio Version 17
VisualStudioVersion = 17.11.35327.3
MinimumVisualStudioVersion = 10.0.40219.1
Project("{FAE04EC0-301F-11D3-BF4B-00C04F79EFBC}") = "kerites", "kerites\kerites.csproj", "{A7999E58-1696-4FB6-B7FD-1C91E4FB8D4D}"
EndProject
Global
	GlobalSection(SolutionConfigurationPlatforms) = preSolution
		Debug|Any CPU = Debug|Any CPU
		Release|Any CPU = Release|Any CPU
	EndGlobalSection
	GlobalSection(ProjectConfigurationPlatforms) = postSolution
		{A7999E58-1696-4FB6-B7FD-1C91E4FB8D4D}.Debug|Any CPU.ActiveCfg = Debug|Any CPU
		{A7999E58-1696-4FB6-B7FD-1C91E4FB8D4D}.Debug|Any CPU.Build.0 = Debug|Any CPU
		{A7999E58-1696-4FB6-B7FD-1C91E4FB8D4D}.Release|Any CPU.ActiveCfg = Release|Any CPU
		{A7999E58-1696-4FB6-B7FD-1C91E4FB8D4D}.Release|Any CPU.Build.0 = Release|Any CPU
	EndGlobalSection
	GlobalSection(SolutionProperties) = preSolution
		HideSolutionNode = FALSE
	EndGlobalSection
	GlobalSection(ExtensibilityGlobals) = postSolution
		SolutionGuid = {C61D290D-D377-498A-9074-9FB2B97EC309}
	EndGlobalSection
EndGlobal
